
Microsoft Visual Studio Solution File, Format Version 12.00
# Visual Studio 15
VisualStudioVersion = 15.0.27130.2027
MinimumVisualStudioVersion = 10.0.40219.1
Project("{FAE04EC0-301F-11D3-BF4B-00C04F79EFBC}") = "MediatorExample.Web", "MediatorExample.Web\MediatorExample.Web.csproj", "{024B0329-A504-4CCA-90ED-8DC4A846F917}"
EndProject
Project("{FAE04EC0-301F-11D3-BF4B-00C04F79EFBC}") = "MediatorExample.Core", "MediatorExample.Core\MediatorExample.Core.csproj", "{C61E1C63-B226-4F9A-BF90-401B29E42B7D}"
EndProject
Global
	GlobalSection(SolutionConfigurationPlatforms) = preSolution
		Debug|Any CPU = Debug|Any CPU
		Release|Any CPU = Release|Any CPU
	EndGlobalSection
	GlobalSection(ProjectConfigurationPlatforms) = postSolution
		{024B0329-A504-4CCA-90ED-8DC4A846F917}.Debug|Any CPU.ActiveCfg = Debug|Any CPU
		{024B0329-A504-4CCA-90ED-8DC4A846F917}.Debug|Any CPU.Build.0 = Debug|Any CPU
		{024B0329-A504-4CCA-90ED-8DC4A846F917}.Release|Any CPU.ActiveCfg = Release|Any CPU
		{024B0329-A504-4CCA-90ED-8DC4A846F917}.Release|Any CPU.Build.0 = Release|Any CPU
		{C61E1C63-B226-4F9A-BF90-401B29E42B7D}.Debug|Any CPU.ActiveCfg = Debug|Any CPU
		{C61E1C63-B226-4F9A-BF90-401B29E42B7D}.Debug|Any CPU.Build.0 = Debug|Any CPU
		{C61E1C63-B226-4F9A-BF90-401B29E42B7D}.Release|Any CPU.ActiveCfg = Release|Any CPU
		{C61E1C63-B226-4F9A-BF90-401B29E42B7D}.Release|Any CPU.Build.0 = Release|Any CPU
	EndGlobalSection
	GlobalSection(SolutionProperties) = preSolution
		HideSolutionNode = FALSE
	EndGlobalSection
	GlobalSection(ExtensibilityGlobals) = postSolution
		SolutionGuid = {EECCD0F1-26CA-410E-AB9D-874CE0CC68CE}
	EndGlobalSection
EndGlobal
